
Microsoft Visual Studio Solution File, Format Version 12.00
# Visual Studio 15
VisualStudioVersion = 15.0.28307.489
MinimumVisualStudioVersion = 10.0.40219.1
Project("{FAE04EC0-301F-11D3-BF4B-00C04F79EFBC}") = "RomanNumerals", "RomanNumerals\RomanNumerals.csproj", "{72AC7E96-0297-4D4A-9757-7E93F03CF9DE}"
EndProject
Project("{FAE04EC0-301F-11D3-BF4B-00C04F79EFBC}") = "SampleTests", "SampleTests\SampleTests.csproj", "{C4FF657B-0F1F-4BA5-9167-A46C09AA0CB8}"
EndProject
Global
	GlobalSection(SolutionConfigurationPlatforms) = preSolution
		Debug|Any CPU = Debug|Any CPU
		Release|Any CPU = Release|Any CPU
	EndGlobalSection
	GlobalSection(ProjectConfigurationPlatforms) = postSolution
		{72AC7E96-0297-4D4A-9757-7E93F03CF9DE}.Debug|Any CPU.ActiveCfg = Debug|Any CPU
		{72AC7E96-0297-4D4A-9757-7E93F03CF9DE}.Debug|Any CPU.Build.0 = Debug|Any CPU
		{72AC7E96-0297-4D4A-9757-7E93F03CF9DE}.Release|Any CPU.ActiveCfg = Release|Any CPU
		{72AC7E96-0297-4D4A-9757-7E93F03CF9DE}.Release|Any CPU.Build.0 = Release|Any CPU
		{C4FF657B-0F1F-4BA5-9167-A46C09AA0CB8}.Debug|Any CPU.ActiveCfg = Debug|Any CPU
		{C4FF657B-0F1F-4BA5-9167-A46C09AA0CB8}.Debug|Any CPU.Build.0 = Debug|Any CPU
		{C4FF657B-0F1F-4BA5-9167-A46C09AA0CB8}.Release|Any CPU.ActiveCfg = Release|Any CPU
		{C4FF657B-0F1F-4BA5-9167-A46C09AA0CB8}.Release|Any CPU.Build.0 = Release|Any CPU
	EndGlobalSection
	GlobalSection(SolutionProperties) = preSolution
		HideSolutionNode = FALSE
	EndGlobalSection
	GlobalSection(ExtensibilityGlobals) = postSolution
		SolutionGuid = {9BE1DFD6-6B25-4B42-9178-6A52923F2CD0}
	EndGlobalSection
EndGlobal
